
Microsoft Visual Studio Solution File, Format Version 12.00
# Visual Studio Version 16
VisualStudioVersion = 16.0.30309.148
MinimumVisualStudioVersion = 10.0.40219.1
Project("{FAE04EC0-301F-11D3-BF4B-00C04F79EFBC}") = "Petrescu-Mircea-Individuele-opdracht", "Petrescu-Mircea-Individuele-opdracht\Petrescu-Mircea-Individuele-opdracht.csproj", "{E6CEBED7-226D-45EB-A259-CD1888517614}"
EndProject
Global
	GlobalSection(SolutionConfigurationPlatforms) = preSolution
		Debug|Any CPU = Debug|Any CPU
		Release|Any CPU = Release|Any CPU
	EndGlobalSection
	GlobalSection(ProjectConfigurationPlatforms) = postSolution
		{E6CEBED7-226D-45EB-A259-CD1888517614}.Debug|Any CPU.ActiveCfg = Debug|Any CPU
		{E6CEBED7-226D-45EB-A259-CD1888517614}.Debug|Any CPU.Build.0 = Debug|Any CPU
		{E6CEBED7-226D-45EB-A259-CD1888517614}.Release|Any CPU.ActiveCfg = Release|Any CPU
		{E6CEBED7-226D-45EB-A259-CD1888517614}.Release|Any CPU.Build.0 = Release|Any CPU
	EndGlobalSection
	GlobalSection(SolutionProperties) = preSolution
		HideSolutionNode = FALSE
	EndGlobalSection
	GlobalSection(ExtensibilityGlobals) = postSolution
		SolutionGuid = {33121C53-9AC4-4988-AEB6-76191678BA39}
	EndGlobalSection
EndGlobal
